
Microsoft Visual Studio Solution File, Format Version 12.00
# Visual Studio Version 17
VisualStudioVersion = 17.3.32929.385
MinimumVisualStudioVersion = 10.0.40219.1
Project("{FAE04EC0-301F-11D3-BF4B-00C04F79EFBC}") = "apimycourse", "apimycourse\apimycourse.csproj", "{9E7B1091-2DE4-4EF5-BB85-E2AD73CAD04E}"
EndProject
Global
	GlobalSection(SolutionConfigurationPlatforms) = preSolution
		Debug|Any CPU = Debug|Any CPU
		Release|Any CPU = Release|Any CPU
	EndGlobalSection
	GlobalSection(ProjectConfigurationPlatforms) = postSolution
		{9E7B1091-2DE4-4EF5-BB85-E2AD73CAD04E}.Debug|Any CPU.ActiveCfg = Debug|Any CPU
		{9E7B1091-2DE4-4EF5-BB85-E2AD73CAD04E}.Debug|Any CPU.Build.0 = Debug|Any CPU
		{9E7B1091-2DE4-4EF5-BB85-E2AD73CAD04E}.Release|Any CPU.ActiveCfg = Release|Any CPU
		{9E7B1091-2DE4-4EF5-BB85-E2AD73CAD04E}.Release|Any CPU.Build.0 = Release|Any CPU
	EndGlobalSection
	GlobalSection(SolutionProperties) = preSolution
		HideSolutionNode = FALSE
	EndGlobalSection
	GlobalSection(ExtensibilityGlobals) = postSolution
		SolutionGuid = {FF454DF1-7CE3-443F-AE38-7075CF211251}
	EndGlobalSection
EndGlobal
